
Microsoft Visual Studio Solution File, Format Version 12.00
# Visual Studio 2012
Project("{2150E333-8FDC-42A3-9474-1A3956D46DE8}") = "Apps", "Apps", "{8B79A455-98CB-4514-ADA1-45E7FA2AA7B1}"
EndProject
Project("{2150E333-8FDC-42A3-9474-1A3956D46DE8}") = "Drivers", "Drivers", "{CB2B52FC-C318-40EE-B71E-F039902CB7A7}"
EndProject
Project("{2150E333-8FDC-42A3-9474-1A3956D46DE8}") = "Gui", "Gui", "{30C4011D-7AFD-49E7-B278-1A086CDB8FB3}"
EndProject
Project("{2150E333-8FDC-42A3-9474-1A3956D46DE8}") = "AppSwitchMultiLevel", "AppSwitchMultiLevel", "{DFDFC6DE-8B37-4AC4-9543-669E17BAEB23}"
EndProject
Project("{2150E333-8FDC-42A3-9474-1A3956D46DE8}") = "AppDoorNotifier", "AppDoorNotifier", "{9B6CCA81-9EB6-4B23-AD8F-F73D3100BCFE}"
EndProject
Project("{2150E333-8FDC-42A3-9474-1A3956D46DE8}") = "Gatekeeper", "Gatekeeper", "{2A685B58-011C-4DAA-B4A1-CC685D3CCDCC}"
EndProject
Project("{FAE04EC0-301F-11D3-BF4B-00C04F79EFBC}") = "Contracts", "Contracts\Contracts.csproj", "{F1F63113-59BE-4CB9-90AB-0FEA9DE4379E}"
EndProject
Project("{FAE04EC0-301F-11D3-BF4B-00C04F79EFBC}") = "Views", "View\Views.csproj", "{71272F38-FC7D-4170-8411-51E27200C791}"
EndProject
Project("{FAE04EC0-301F-11D3-BF4B-00C04F79EFBC}") = "Adapters", "Adapters\Adapters.csproj", "{3F789879-0944-463C-A747-2F74AD916186}"
EndProject
Project("{FAE04EC0-301F-11D3-BF4B-00C04F79EFBC}") = "Platform", "Platform\Platform.csproj", "{2B68B717-75D4-44CE-B6E8-64249A5F9A70}"
	ProjectSection(ProjectDependencies) = postProject
		{F1F63113-59BE-4CB9-90AB-0FEA9DE4379E} = {F1F63113-59BE-4CB9-90AB-0FEA9DE4379E}
		{3F789879-0944-463C-A747-2F74AD916186} = {3F789879-0944-463C-A747-2F74AD916186}
	EndProjectSection
EndProject
Project("{FAE04EC0-301F-11D3-BF4B-00C04F79EFBC}") = "Common", "Common\Common.csproj", "{6F879B8B-C4B1-4E8D-9BF2-C6376B05E4EC}"
EndProject
Project("{FAE04EC0-301F-11D3-BF4B-00C04F79EFBC}") = "DriverAxisCamera", "Drivers\DriverAxisCamera\DriverAxisCamera.csproj", "{BBF5BFC4-40A7-433E-8292-E076C36D1B62}"
EndProject
Project("{FAE04EC0-301F-11D3-BF4B-00C04F79EFBC}") = "AppSwitchMultiLevel", "Apps\AppMultiLevelSwitch\AppSwitchMultiLevel.csproj", "{149AFE30-77D6-492B-9AA8-9578ED87943D}"
EndProject
Project("{FAE04EC0-301F-11D3-BF4B-00C04F79EFBC}") = "AppDlna", "Apps\AppDlna\AppDlna.csproj", "{4CF04CA7-05E0-4ABF-9A13-84D4C0D5BC5B}"
EndProject
Project("{FAE04EC0-301F-11D3-BF4B-00C04F79EFBC}") = "DriverDlnaDmr", "Drivers\DriverDlnaDmr\DriverDlnaDmr.csproj", "{D45546A6-E5B9-4A8A-8072-00D8590E3627}"
EndProject
Project("{FAE04EC0-301F-11D3-BF4B-00C04F79EFBC}") = "DriverDlnaDms", "Drivers\DriverDlnaDms\DriverDlnaDms.csproj", "{562BD887-9C43-415C-9DEA-8DF1B86FCC08}"
EndProject
Project("{FAE04EC0-301F-11D3-BF4B-00C04F79EFBC}") = "AppDummy", "Apps\AppDummy\AppDummy.csproj", "{93CF03B5-8A1A-4E3A-B9DE-2A42BDAC6858}"
EndProject
Project("{FAE04EC0-301F-11D3-BF4B-00C04F79EFBC}") = "DriverImgRec", "Drivers\DriverImgRec\DriverImgRec.csproj", "{FD3CC2DB-A9A0-491F-95A4-71980F90D441}"
EndProject
Project("{FAE04EC0-301F-11D3-BF4B-00C04F79EFBC}") = "AppImgRec", "Apps\AppImgRec\AppImgRec.csproj", "{D8B81528-3E22-4818-92DF-E4E6A17E9E8C}"
EndProject
Project("{FAE04EC0-301F-11D3-BF4B-00C04F79EFBC}") = "AppWinMoAudio", "Apps\AppWinMoAudio\AppWinMoAudio.csproj", "{260F1F34-B149-4821-AB50-50AD39C01CBE}"
EndProject
Project("{FAE04EC0-301F-11D3-BF4B-00C04F79EFBC}") = "AppBrowser", "Apps\AppBrowser\AppBrowser.csproj", "{D73A1C90-5BA3-4BCB-8889-7B27A95DFAC0}"
EndProject
Project("{FAE04EC0-301F-11D3-BF4B-00C04F79EFBC}") = "AppDoorUnlock", "Apps\AppDoorUnlock\AppDoorUnlock.csproj", "{6319E084-116C-4B79-9A2D-16306EDE8D2B}"
EndProject
Project("{FAE04EC0-301F-11D3-BF4B-00C04F79EFBC}") = "AppSimpleDlna", "Apps\AppSimpleDlna\AppSimpleDlna.csproj", "{46A0BD19-8417-4C8C-A567-FB924E7DB26E}"
EndProject
Project("{FAE04EC0-301F-11D3-BF4B-00C04F79EFBC}") = "AppBenchmarker", "Apps\AppBenchmarker\AppBenchmarker.csproj", "{C6C872AF-107B-4ABD-A44C-3482830D1C83}"
EndProject
Project("{FAE04EC0-301F-11D3-BF4B-00C04F79EFBC}") = "GuiMain", "Gui\GuiMain\GuiMain.csproj", "{22E5AE87-A0E3-4550-99C6-8D14FDF5FF80}"
EndProject
Project("{FAE04EC0-301F-11D3-BF4B-00C04F79EFBC}") = "GuiTest", "Gui\GuiTest\GuiTest.csproj", "{8D172B19-9983-47EB-A29A-D2B736438FF1}"
EndProject
Project("{FAE04EC0-301F-11D3-BF4B-00C04F79EFBC}") = "AppDlnaSwitching", "Apps\AppDlnaSwitching\AppDlnaSwitching.csproj", "{5416E45E-BDAE-49BA-94E5-378C90C17C3D}"
EndProject
Project("{FAE04EC0-301F-11D3-BF4B-00C04F79EFBC}") = "DriverZwaveZensys", "Drivers\DriverZwaveZensys\DriverZwaveZensys.csproj", "{AE026D4E-D3AD-486F-9C55-73481219A4A1}"
EndProject
Project("{FAE04EC0-301F-11D3-BF4B-00C04F79EFBC}") = "AppSwitchMultiLevelSlGui", "Apps\AppMultiLevelSwitch\AppSwitchMultiLevelSlGui\AppSwitchMultiLevelSlGui.csproj", "{8C667C63-C1E5-46B9-9D97-0FB84C9D8D1D}"
EndProject
Project("{FAE04EC0-301F-11D3-BF4B-00C04F79EFBC}") = "DriverWebCam", "Drivers\DriverWebCam\DriverWebCam.csproj", "{BF532D34-833C-4FB3-88CA-07E58510F130}"
EndProject
Project("{FAE04EC0-301F-11D3-BF4B-00C04F79EFBC}") = "AppDoorNotifier", "Apps\AppDoorNotifier\AppDoorNotifier.csproj", "{B114FC72-2C19-4A35-ABD5-C55BA6EBA1D5}"
EndProject
Project("{FAE04EC0-301F-11D3-BF4B-00C04F79EFBC}") = "DriverNotifications", "Drivers\DriverNotifications\DriverNotifications.csproj", "{1823839D-64AA-4954-83D5-F95B0EB75DE4}"
EndProject
Project("{FAE04EC0-301F-11D3-BF4B-00C04F79EFBC}") = "AppDoorNotifierSlGui", "Apps\AppDoorNotifier\AppDoorNotifierSlGui\AppDoorNotifierSlGui.csproj", "{84A5D6AC-C2E1-4263-8CAB-66084A51D02C}"
EndProject
Project("{FAE04EC0-301F-11D3-BF4B-00C04F79EFBC}") = "AppDoorNotifierWp7", "Apps\AppDoorNotifier\AppDoorNotifierWp7\AppDoorNotifierWp7.csproj", "{759C9AB1-5113-4B0A-9D42-67D909EB4F51}"
EndProject
Project("{FAE04EC0-301F-11D3-BF4B-00C04F79EFBC}") = "AppSwitchMultiLevelWp7", "Apps\AppMultiLevelSwitch\AppSwitchMultiLevelWp7\AppSwitchMultiLevelWp7.csproj", "{2197788D-3650-4904-99A5-4389A90AF35C}"
EndProject
Project("{FAE04EC0-301F-11D3-BF4B-00C04F79EFBC}") = "Config", "Config\Config.csproj", "{D28F1E8D-C82E-40F8-9EC3-902EB96D4EBE}"
EndProject
Project("{FAE04EC0-301F-11D3-BF4B-00C04F79EFBC}") = "DriverIsy", "Drivers\DriverIsy\DriverIsy.csproj", "{C7EAFDE1-1E69-4804-A936-5DE9668D4737}"
EndProject
Project("{FAE04EC0-301F-11D3-BF4B-00C04F79EFBC}") = "DriverDummy", "Drivers\DriverDummy\DriverDummy.csproj", "{9B69CC8C-22E4-4A2A-AB08-C04CE905F143}"
EndProject
Project("{FAE04EC0-301F-11D3-BF4B-00C04F79EFBC}") = "DriverGlobalCacheIR", "Drivers\DriverGlobalCache\DriverGlobalCacheIR.csproj", "{37CBFD15-5CEA-403D-8439-9275208CDE09}"
EndProject
Project("{FAE04EC0-301F-11D3-BF4B-00C04F79EFBC}") = "AppIR", "Apps\AppIR\AppIR.csproj", "{E1ADABA3-1753-4DA5-B959-133AA3D92138}"
EndProject
Project("{FAE04EC0-301F-11D3-BF4B-00C04F79EFBC}") = "DriverFoscam", "Drivers\DriverFoscam\DriverFoscam.csproj", "{238489E7-A61B-4606-B0BB-A2E7E5DD1B88}"
EndProject
Project("{FAE04EC0-301F-11D3-BF4B-00C04F79EFBC}") = "DeviceDiscover", "DeviceDiscover\DeviceDiscover.csproj", "{74363882-6ECC-40F5-A7E7-139DD95B52D3}"
EndProject
Project("{FAE04EC0-301F-11D3-BF4B-00C04F79EFBC}") = "Common", "Gatekeeper\Common\Common.csproj", "{10571A55-2270-4A83-9B56-28C186BAC59D}"
EndProject
Project("{FAE04EC0-301F-11D3-BF4B-00C04F79EFBC}") = "HomeService", "Gatekeeper\HomeService\HomeService.csproj", "{62467325-6D15-4161-A09D-07B7793DAB68}"
EndProject
Project("{FAE04EC0-301F-11D3-BF4B-00C04F79EFBC}") = "CloudServiceCore", "Gatekeeper\CloudServiceCore\CloudServiceCore.csproj", "{39C104F0-7D87-48CA-AAA9-2732A8A05800}"
EndProject
Project("{FAE04EC0-301F-11D3-BF4B-00C04F79EFBC}") = "CloudServiceWindows", "Gatekeeper\CloudServiceWindows\CloudServiceWindows.csproj", "{4D91E872-DDA4-44E2-96E7-850BB6DBADD1}"
EndProject
Project("{CC5FD16D-436D-48AD-A40C-5A424C6E3E79}") = "CloudServiceAzure", "Gatekeeper\CloudServiceAzure\CloudServiceAzure.ccproj", "{3BFC507F-0C7F-4B25-917A-AB276C0AD199}"
	ProjectSection(ProjectDependencies) = postProject
		{10571A55-2270-4A83-9B56-28C186BAC59D} = {10571A55-2270-4A83-9B56-28C186BAC59D}
		{39C104F0-7D87-48CA-AAA9-2732A8A05800} = {39C104F0-7D87-48CA-AAA9-2732A8A05800}
	EndProjectSection
EndProject
Project("{FAE04EC0-301F-11D3-BF4B-00C04F79EFBC}") = "DriverFitbitUltra", "Drivers\DriverFitbitUltra\DriverFitbitUltra.csproj", "{4EC329C1-2F29-441E-9772-07475638CBF0}"
EndProject
Project("{FAE04EC0-301F-11D3-BF4B-00C04F79EFBC}") = "AppFitbitUltraStats", "Apps\AppFitbitUltraStats\AppFitbitUltraStats.csproj", "{F9711866-A6C8-4874-8FCC-6400E4E863B5}"
EndProject
Project("{FAE04EC0-301F-11D3-BF4B-00C04F79EFBC}") = "AppFitbitUltraPresence", "Apps\AppFitbitUltraPresence\AppFitbitUltraPresence.csproj", "{A60B4D64-51DC-4756-8B1A-724FAEF01788}"
EndProject
Global
	GlobalSection(SolutionConfigurationPlatforms) = preSolution
		Debug|Any CPU = Debug|Any CPU
		Debug|Mixed Platforms = Debug|Mixed Platforms
		Debug|Win32 = Debug|Win32
		Debug|x86 = Debug|x86
		Release|Any CPU = Release|Any CPU
		Release|Mixed Platforms = Release|Mixed Platforms
		Release|Win32 = Release|Win32
		Release|x86 = Release|x86
	EndGlobalSection
	GlobalSection(ProjectConfigurationPlatforms) = postSolution
		{F1F63113-59BE-4CB9-90AB-0FEA9DE4379E}.Debug|Any CPU.ActiveCfg = Debug|Any CPU
		{F1F63113-59BE-4CB9-90AB-0FEA9DE4379E}.Debug|Any CPU.Build.0 = Debug|Any CPU
		{F1F63113-59BE-4CB9-90AB-0FEA9DE4379E}.Debug|Mixed Platforms.ActiveCfg = Debug|Any CPU
		{F1F63113-59BE-4CB9-90AB-0FEA9DE4379E}.Debug|Mixed Platforms.Build.0 = Debug|Any CPU
		{F1F63113-59BE-4CB9-90AB-0FEA9DE4379E}.Debug|Win32.ActiveCfg = Debug|Any CPU
		{F1F63113-59BE-4CB9-90AB-0FEA9DE4379E}.Debug|x86.ActiveCfg = Debug|Any CPU
		{F1F63113-59BE-4CB9-90AB-0FEA9DE4379E}.Release|Any CPU.ActiveCfg = Release|Any CPU
		{F1F63113-59BE-4CB9-90AB-0FEA9DE4379E}.Release|Any CPU.Build.0 = Release|Any CPU
		{F1F63113-59BE-4CB9-90AB-0FEA9DE4379E}.Release|Mixed Platforms.ActiveCfg = Release|Any CPU
		{F1F63113-59BE-4CB9-90AB-0FEA9DE4379E}.Release|Mixed Platforms.Build.0 = Release|Any CPU
		{F1F63113-59BE-4CB9-90AB-0FEA9DE4379E}.Release|Win32.ActiveCfg = Release|Any CPU
		{F1F63113-59BE-4CB9-90AB-0FEA9DE4379E}.Release|x86.ActiveCfg = Release|Any CPU
		{71272F38-FC7D-4170-8411-51E27200C791}.Debug|Any CPU.ActiveCfg = Debug|Any CPU
		{71272F38-FC7D-4170-8411-51E27200C791}.Debug|Any CPU.Build.0 = Debug|Any CPU
		{71272F38-FC7D-4170-8411-51E27200C791}.Debug|Mixed Platforms.ActiveCfg = Debug|Any CPU
		{71272F38-FC7D-4170-8411-51E27200C791}.Debug|Mixed Platforms.Build.0 = Debug|Any CPU
		{71272F38-FC7D-4170-8411-51E27200C791}.Debug|Win32.ActiveCfg = Debug|Any CPU
		{71272F38-FC7D-4170-8411-51E27200C791}.Debug|x86.ActiveCfg = Debug|Any CPU
		{71272F38-FC7D-4170-8411-51E27200C791}.Release|Any CPU.ActiveCfg = Release|Any CPU
		{71272F38-FC7D-4170-8411-51E27200C791}.Release|Any CPU.Build.0 = Release|Any CPU
		{71272F38-FC7D-4170-8411-51E27200C791}.Release|Mixed Platforms.ActiveCfg = Release|Any CPU
		{71272F38-FC7D-4170-8411-51E27200C791}.Release|Mixed Platforms.Build.0 = Release|Any CPU
		{71272F38-FC7D-4170-8411-51E27200C791}.Release|Win32.ActiveCfg = Release|Any CPU
		{71272F38-FC7D-4170-8411-51E27200C791}.Release|x86.ActiveCfg = Release|Any CPU
		{3F789879-0944-463C-A747-2F74AD916186}.Debug|Any CPU.ActiveCfg = Debug|Any CPU
		{3F789879-0944-463C-A747-2F74AD916186}.Debug|Any CPU.Build.0 = Debug|Any CPU
		{3F789879-0944-463C-A747-2F74AD916186}.Debug|Mixed Platforms.ActiveCfg = Debug|Any CPU
		{3F789879-0944-463C-A747-2F74AD916186}.Debug|Mixed Platforms.Build.0 = Debug|Any CPU
		{3F789879-0944-463C-A747-2F74AD916186}.Debug|Win32.ActiveCfg = Debug|Any CPU
		{3F789879-0944-463C-A747-2F74AD916186}.Debug|x86.ActiveCfg = Debug|Any CPU
		{3F789879-0944-463C-A747-2F74AD916186}.Release|Any CPU.ActiveCfg = Release|Any CPU
		{3F789879-0944-463C-A747-2F74AD916186}.Release|Any CPU.Build.0 = Release|Any CPU
		{3F789879-0944-463C-A747-2F74AD916186}.Release|Mixed Platforms.ActiveCfg = Release|Any CPU
		{3F789879-0944-463C-A747-2F74AD916186}.Release|Mixed Platforms.Build.0 = Release|Any CPU
		{3F789879-0944-463C-A747-2F74AD916186}.Release|Win32.ActiveCfg = Release|Any CPU
		{3F789879-0944-463C-A747-2F74AD916186}.Release|x86.ActiveCfg = Release|Any CPU
		{2B68B717-75D4-44CE-B6E8-64249A5F9A70}.Debug|Any CPU.ActiveCfg = Debug|x86
		{2B68B717-75D4-44CE-B6E8-64249A5F9A70}.Debug|Any CPU.Build.0 = Debug|x86
		{2B68B717-75D4-44CE-B6E8-64249A5F9A70}.Debug|Mixed Platforms.ActiveCfg = Debug|x86
		{2B68B717-75D4-44CE-B6E8-64249A5F9A70}.Debug|Mixed Platforms.Build.0 = Debug|x86
		{2B68B717-75D4-44CE-B6E8-64249A5F9A70}.Debug|Win32.ActiveCfg = Debug|x86
		{2B68B717-75D4-44CE-B6E8-64249A5F9A70}.Debug|x86.ActiveCfg = Debug|x86
		{2B68B717-75D4-44CE-B6E8-64249A5F9A70}.Debug|x86.Build.0 = Debug|x86
		{2B68B717-75D4-44CE-B6E8-64249A5F9A70}.Release|Any CPU.ActiveCfg = Release|x86
		{2B68B717-75D4-44CE-B6E8-64249A5F9A70}.Release|Mixed Platforms.ActiveCfg = Release|x86
		{2B68B717-75D4-44CE-B6E8-64249A5F9A70}.Release|Mixed Platforms.Build.0 = Release|x86
		{2B68B717-75D4-44CE-B6E8-64249A5F9A70}.Release|Win32.ActiveCfg = Release|x86
		{2B68B717-75D4-44CE-B6E8-64249A5F9A70}.Release|x86.ActiveCfg = Release|x86
		{2B68B717-75D4-44CE-B6E8-64249A5F9A70}.Release|x86.Build.0 = Release|x86
		{6F879B8B-C4B1-4E8D-9BF2-C6376B05E4EC}.Debug|Any CPU.ActiveCfg = Debug|Any CPU
		{6F879B8B-C4B1-4E8D-9BF2-C6376B05E4EC}.Debug|Any CPU.Build.0 = Debug|Any CPU
		{6F879B8B-C4B1-4E8D-9BF2-C6376B05E4EC}.Debug|Mixed Platforms.ActiveCfg = Debug|Any CPU
		{6F879B8B-C4B1-4E8D-9BF2-C6376B05E4EC}.Debug|Mixed Platforms.Build.0 = Debug|Any CPU
		{6F879B8B-C4B1-4E8D-9BF2-C6376B05E4EC}.Debug|Win32.ActiveCfg = Debug|Any CPU
		{6F879B8B-C4B1-4E8D-9BF2-C6376B05E4EC}.Debug|x86.ActiveCfg = Debug|Any CPU
		{6F879B8B-C4B1-4E8D-9BF2-C6376B05E4EC}.Release|Any CPU.ActiveCfg = Release|Any CPU
		{6F879B8B-C4B1-4E8D-9BF2-C6376B05E4EC}.Release|Any CPU.Build.0 = Release|Any CPU
		{6F879B8B-C4B1-4E8D-9BF2-C6376B05E4EC}.Release|Mixed Platforms.ActiveCfg = Release|Any CPU
		{6F879B8B-C4B1-4E8D-9BF2-C6376B05E4EC}.Release|Mixed Platforms.Build.0 = Release|Any CPU
		{6F879B8B-C4B1-4E8D-9BF2-C6376B05E4EC}.Release|Win32.ActiveCfg = Release|Any CPU
		{6F879B8B-C4B1-4E8D-9BF2-C6376B05E4EC}.Release|x86.ActiveCfg = Release|Any CPU
		{BBF5BFC4-40A7-433E-8292-E076C36D1B62}.Debug|Any CPU.ActiveCfg = Debug|Any CPU
		{BBF5BFC4-40A7-433E-8292-E076C36D1B62}.Debug|Any CPU.Build.0 = Debug|Any CPU
		{BBF5BFC4-40A7-433E-8292-E076C36D1B62}.Debug|Mixed Platforms.ActiveCfg = Debug|Any CPU
		{BBF5BFC4-40A7-433E-8292-E076C36D1B62}.Debug|Mixed Platforms.Build.0 = Debug|Any CPU
		{BBF5BFC4-40A7-433E-8292-E076C36D1B62}.Debug|Win32.ActiveCfg = Debug|Any CPU
		{BBF5BFC4-40A7-433E-8292-E076C36D1B62}.Debug|x86.ActiveCfg = Debug|Any CPU
		{BBF5BFC4-40A7-433E-8292-E076C36D1B62}.Release|Any CPU.ActiveCfg = Release|Any CPU
		{BBF5BFC4-40A7-433E-8292-E076C36D1B62}.Release|Any CPU.Build.0 = Release|Any CPU
		{BBF5BFC4-40A7-433E-8292-E076C36D1B62}.Release|Mixed Platforms.ActiveCfg = Release|Any CPU
		{BBF5BFC4-40A7-433E-8292-E076C36D1B62}.Release|Mixed Platforms.Build.0 = Release|Any CPU
		{BBF5BFC4-40A7-433E-8292-E076C36D1B62}.Release|Win32.ActiveCfg = Release|Any CPU
		{BBF5BFC4-40A7-433E-8292-E076C36D1B62}.Release|x86.ActiveCfg = Release|Any CPU
		{149AFE30-77D6-492B-9AA8-9578ED87943D}.Debug|Any CPU.ActiveCfg = Debug|Any CPU
		{149AFE30-77D6-492B-9AA8-9578ED87943D}.Debug|Any CPU.Build.0 = Debug|Any CPU
		{149AFE30-77D6-492B-9AA8-9578ED87943D}.Debug|Mixed Platforms.ActiveCfg = Debug|Any CPU
		{149AFE30-77D6-492B-9AA8-9578ED87943D}.Debug|Mixed Platforms.Build.0 = Debug|Any CPU
		{149AFE30-77D6-492B-9AA8-9578ED87943D}.Debug|Win32.ActiveCfg = Debug|Any CPU
		{149AFE30-77D6-492B-9AA8-9578ED87943D}.Debug|x86.ActiveCfg = Debug|Any CPU
		{149AFE30-77D6-492B-9AA8-9578ED87943D}.Release|Any CPU.ActiveCfg = Release|Any CPU
		{149AFE30-77D6-492B-9AA8-9578ED87943D}.Release|Any CPU.Build.0 = Release|Any CPU
		{149AFE30-77D6-492B-9AA8-9578ED87943D}.Release|Mixed Platforms.ActiveCfg = Release|Any CPU
		{149AFE30-77D6-492B-9AA8-9578ED87943D}.Release|Mixed Platforms.Build.0 = Release|Any CPU
		{149AFE30-77D6-492B-9AA8-9578ED87943D}.Release|Win32.ActiveCfg = Release|Any CPU
		{149AFE30-77D6-492B-9AA8-9578ED87943D}.Release|x86.ActiveCfg = Release|Any CPU
		{4CF04CA7-05E0-4ABF-9A13-84D4C0D5BC5B}.Debug|Any CPU.ActiveCfg = Debug|Any CPU
		{4CF04CA7-05E0-4ABF-9A13-84D4C0D5BC5B}.Debug|Any CPU.Build.0 = Debug|Any CPU
		{4CF04CA7-05E0-4ABF-9A13-84D4C0D5BC5B}.Debug|Mixed Platforms.ActiveCfg = Debug|Any CPU
		{4CF04CA7-05E0-4ABF-9A13-84D4C0D5BC5B}.Debug|Mixed Platforms.Build.0 = Debug|Any CPU
		{4CF04CA7-05E0-4ABF-9A13-84D4C0D5BC5B}.Debug|Win32.ActiveCfg = Debug|Any CPU
		{4CF04CA7-05E0-4ABF-9A13-84D4C0D5BC5B}.Debug|x86.ActiveCfg = Debug|Any CPU
		{4CF04CA7-05E0-4ABF-9A13-84D4C0D5BC5B}.Release|Any CPU.ActiveCfg = Release|Any CPU
		{4CF04CA7-05E0-4ABF-9A13-84D4C0D5BC5B}.Release|Any CPU.Build.0 = Release|Any CPU
		{4CF04CA7-05E0-4ABF-9A13-84D4C0D5BC5B}.Release|Mixed Platforms.ActiveCfg = Release|Any CPU
		{4CF04CA7-05E0-4ABF-9A13-84D4C0D5BC5B}.Release|Mixed Platforms.Build.0 = Release|Any CPU
		{4CF04CA7-05E0-4ABF-9A13-84D4C0D5BC5B}.Release|Win32.ActiveCfg = Release|Any CPU
		{4CF04CA7-05E0-4ABF-9A13-84D4C0D5BC5B}.Release|x86.ActiveCfg = Release|Any CPU
		{D45546A6-E5B9-4A8A-8072-00D8590E3627}.Debug|Any CPU.ActiveCfg = Debug|Any CPU
		{D45546A6-E5B9-4A8A-8072-00D8590E3627}.Debug|Any CPU.Build.0 = Debug|Any CPU
		{D45546A6-E5B9-4A8A-8072-00D8590E3627}.Debug|Mixed Platforms.ActiveCfg = Debug|Any CPU
		{D45546A6-E5B9-4A8A-8072-00D8590E3627}.Debug|Mixed Platforms.Build.0 = Debug|Any CPU
		{D45546A6-E5B9-4A8A-8072-00D8590E3627}.Debug|Win32.ActiveCfg = Debug|Any CPU
		{D45546A6-E5B9-4A8A-8072-00D8590E3627}.Debug|x86.ActiveCfg = Debug|Any CPU
		{D45546A6-E5B9-4A8A-8072-00D8590E3627}.Release|Any CPU.ActiveCfg = Release|Any CPU
		{D45546A6-E5B9-4A8A-8072-00D8590E3627}.Release|Any CPU.Build.0 = Release|Any CPU
		{D45546A6-E5B9-4A8A-8072-00D8590E3627}.Release|Mixed Platforms.ActiveCfg = Release|Any CPU
		{D45546A6-E5B9-4A8A-8072-00D8590E3627}.Release|Mixed Platforms.Build.0 = Release|Any CPU
		{D45546A6-E5B9-4A8A-8072-00D8590E3627}.Release|Win32.ActiveCfg = Release|Any CPU
		{D45546A6-E5B9-4A8A-8072-00D8590E3627}.Release|x86.ActiveCfg = Release|Any CPU
		{562BD887-9C43-415C-9DEA-8DF1B86FCC08}.Debug|Any CPU.ActiveCfg = Debug|Any CPU
		{562BD887-9C43-415C-9DEA-8DF1B86FCC08}.Debug|Any CPU.Build.0 = Debug|Any CPU
		{562BD887-9C43-415C-9DEA-8DF1B86FCC08}.Debug|Mixed Platforms.ActiveCfg = Debug|Any CPU
		{562BD887-9C43-415C-9DEA-8DF1B86FCC08}.Debug|Mixed Platforms.Build.0 = Debug|Any CPU
		{562BD887-9C43-415C-9DEA-8DF1B86FCC08}.Debug|Win32.ActiveCfg = Debug|Any CPU
		{562BD887-9C43-415C-9DEA-8DF1B86FCC08}.Debug|x86.ActiveCfg = Debug|Any CPU
		{562BD887-9C43-415C-9DEA-8DF1B86FCC08}.Release|Any CPU.ActiveCfg = Release|Any CPU
		{562BD887-9C43-415C-9DEA-8DF1B86FCC08}.Release|Any CPU.Build.0 = Release|Any CPU
		{562BD887-9C43-415C-9DEA-8DF1B86FCC08}.Release|Mixed Platforms.ActiveCfg = Release|Any CPU
		{562BD887-9C43-415C-9DEA-8DF1B86FCC08}.Release|Mixed Platforms.Build.0 = Release|Any CPU
		{562BD887-9C43-415C-9DEA-8DF1B86FCC08}.Release|Win32.ActiveCfg = Release|Any CPU
		{562BD887-9C43-415C-9DEA-8DF1B86FCC08}.Release|x86.ActiveCfg = Release|Any CPU
		{93CF03B5-8A1A-4E3A-B9DE-2A42BDAC6858}.Debug|Any CPU.ActiveCfg = Debug|Any CPU
		{93CF03B5-8A1A-4E3A-B9DE-2A42BDAC6858}.Debug|Any CPU.Build.0 = Debug|Any CPU
		{93CF03B5-8A1A-4E3A-B9DE-2A42BDAC6858}.Debug|Mixed Platforms.ActiveCfg = Debug|Any CPU
		{93CF03B5-8A1A-4E3A-B9DE-2A42BDAC6858}.Debug|Mixed Platforms.Build.0 = Debug|Any CPU
		{93CF03B5-8A1A-4E3A-B9DE-2A42BDAC6858}.Debug|Win32.ActiveCfg = Debug|Any CPU
		{93CF03B5-8A1A-4E3A-B9DE-2A42BDAC6858}.Debug|x86.ActiveCfg = Debug|Any CPU
		{93CF03B5-8A1A-4E3A-B9DE-2A42BDAC6858}.Release|Any CPU.ActiveCfg = Release|Any CPU
		{93CF03B5-8A1A-4E3A-B9DE-2A42BDAC6858}.Release|Any CPU.Build.0 = Release|Any CPU
		{93CF03B5-8A1A-4E3A-B9DE-2A42BDAC6858}.Release|Mixed Platforms.ActiveCfg = Release|Any CPU
		{93CF03B5-8A1A-4E3A-B9DE-2A42BDAC6858}.Release|Mixed Platforms.Build.0 = Release|Any CPU
		{93CF03B5-8A1A-4E3A-B9DE-2A42BDAC6858}.Release|Win32.ActiveCfg = Release|Any CPU
		{93CF03B5-8A1A-4E3A-B9DE-2A42BDAC6858}.Release|x86.ActiveCfg = Release|Any CPU
		{FD3CC2DB-A9A0-491F-95A4-71980F90D441}.Debug|Any CPU.ActiveCfg = Debug|Any CPU
		{FD3CC2DB-A9A0-491F-95A4-71980F90D441}.Debug|Any CPU.Build.0 = Debug|Any CPU
		{FD3CC2DB-A9A0-491F-95A4-71980F90D441}.Debug|Mixed Platforms.ActiveCfg = Debug|Any CPU
		{FD3CC2DB-A9A0-491F-95A4-71980F90D441}.Debug|Mixed Platforms.Build.0 = Debug|Any CPU
		{FD3CC2DB-A9A0-491F-95A4-71980F90D441}.Debug|Win32.ActiveCfg = Debug|Any CPU
		{FD3CC2DB-A9A0-491F-95A4-71980F90D441}.Debug|x86.ActiveCfg = Debug|Any CPU
		{FD3CC2DB-A9A0-491F-95A4-71980F90D441}.Release|Any CPU.ActiveCfg = Release|Any CPU
		{FD3CC2DB-A9A0-491F-95A4-71980F90D441}.Release|Any CPU.Build.0 = Release|Any CPU
		{FD3CC2DB-A9A0-491F-95A4-71980F90D441}.Release|Mixed Platforms.ActiveCfg = Release|Any CPU
		{FD3CC2DB-A9A0-491F-95A4-71980F90D441}.Release|Mixed Platforms.Build.0 = Release|Any CPU
		{FD3CC2DB-A9A0-491F-95A4-71980F90D441}.Release|Win32.ActiveCfg = Release|Any CPU
		{FD3CC2DB-A9A0-491F-95A4-71980F90D441}.Release|x86.ActiveCfg = Release|Any CPU
		{D8B81528-3E22-4818-92DF-E4E6A17E9E8C}.Debug|Any CPU.ActiveCfg = Debug|Any CPU
		{D8B81528-3E22-4818-92DF-E4E6A17E9E8C}.Debug|Any CPU.Build.0 = Debug|Any CPU
		{D8B81528-3E22-4818-92DF-E4E6A17E9E8C}.Debug|Mixed Platforms.ActiveCfg = Debug|Any CPU
		{D8B81528-3E22-4818-92DF-E4E6A17E9E8C}.Debug|Mixed Platforms.Build.0 = Debug|Any CPU
		{D8B81528-3E22-4818-92DF-E4E6A17E9E8C}.Debug|Win32.ActiveCfg = Debug|Any CPU
		{D8B81528-3E22-4818-92DF-E4E6A17E9E8C}.Debug|x86.ActiveCfg = Debug|Any CPU
		{D8B81528-3E22-4818-92DF-E4E6A17E9E8C}.Release|Any CPU.ActiveCfg = Release|Any CPU
		{D8B81528-3E22-4818-92DF-E4E6A17E9E8C}.Release|Any CPU.Build.0 = Release|Any CPU
		{D8B81528-3E22-4818-92DF-E4E6A17E9E8C}.Release|Mixed Platforms.ActiveCfg = Release|Any CPU
		{D8B81528-3E22-4818-92DF-E4E6A17E9E8C}.Release|Mixed Platforms.Build.0 = Release|Any CPU
		{D8B81528-3E22-4818-92DF-E4E6A17E9E8C}.Release|Win32.ActiveCfg = Release|Any CPU
		{D8B81528-3E22-4818-92DF-E4E6A17E9E8C}.Release|x86.ActiveCfg = Release|Any CPU
		{260F1F34-B149-4821-AB50-50AD39C01CBE}.Debug|Any CPU.ActiveCfg = Debug|Any CPU
		{260F1F34-B149-4821-AB50-50AD39C01CBE}.Debug|Any CPU.Build.0 = Debug|Any CPU
		{260F1F34-B149-4821-AB50-50AD39C01CBE}.Debug|Mixed Platforms.ActiveCfg = Debug|Any CPU
		{260F1F34-B149-4821-AB50-50AD39C01CBE}.Debug|Mixed Platforms.Build.0 = Debug|Any CPU
		{260F1F34-B149-4821-AB50-50AD39C01CBE}.Debug|Win32.ActiveCfg = Debug|Any CPU
		{260F1F34-B149-4821-AB50-50AD39C01CBE}.Debug|x86.ActiveCfg = Debug|Any CPU
		{260F1F34-B149-4821-AB50-50AD39C01CBE}.Release|Any CPU.ActiveCfg = Release|Any CPU
		{260F1F34-B149-4821-AB50-50AD39C01CBE}.Release|Any CPU.Build.0 = Release|Any CPU
		{260F1F34-B149-4821-AB50-50AD39C01CBE}.Release|Mixed Platforms.ActiveCfg = Release|Any CPU
		{260F1F34-B149-4821-AB50-50AD39C01CBE}.Release|Mixed Platforms.Build.0 = Release|Any CPU
		{260F1F34-B149-4821-AB50-50AD39C01CBE}.Release|Win32.ActiveCfg = Release|Any CPU
		{260F1F34-B149-4821-AB50-50AD39C01CBE}.Release|x86.ActiveCfg = Release|Any CPU
		{D73A1C90-5BA3-4BCB-8889-7B27A95DFAC0}.Debug|Any CPU.ActiveCfg = Debug|Any CPU
		{D73A1C90-5BA3-4BCB-8889-7B27A95DFAC0}.Debug|Any CPU.Build.0 = Debug|Any CPU
		{D73A1C90-5BA3-4BCB-8889-7B27A95DFAC0}.Debug|Mixed Platforms.ActiveCfg = Debug|Any CPU
		{D73A1C90-5BA3-4BCB-8889-7B27A95DFAC0}.Debug|Win32.ActiveCfg = Debug|Any CPU
		{D73A1C90-5BA3-4BCB-8889-7B27A95DFAC0}.Debug|x86.ActiveCfg = Debug|Any CPU
		{D73A1C90-5BA3-4BCB-8889-7B27A95DFAC0}.Release|Any CPU.ActiveCfg = Release|Any CPU
		{D73A1C90-5BA3-4BCB-8889-7B27A95DFAC0}.Release|Any CPU.Build.0 = Release|Any CPU
		{D73A1C90-5BA3-4BCB-8889-7B27A95DFAC0}.Release|Mixed Platforms.ActiveCfg = Release|Any CPU
		{D73A1C90-5BA3-4BCB-8889-7B27A95DFAC0}.Release|Mixed Platforms.Build.0 = Release|Any CPU
		{D73A1C90-5BA3-4BCB-8889-7B27A95DFAC0}.Release|Win32.ActiveCfg = Release|Any CPU
		{D73A1C90-5BA3-4BCB-8889-7B27A95DFAC0}.Release|x86.ActiveCfg = Release|Any CPU
		{6319E084-116C-4B79-9A2D-16306EDE8D2B}.Debug|Any CPU.ActiveCfg = Debug|Any CPU
		{6319E084-116C-4B79-9A2D-16306EDE8D2B}.Debug|Any CPU.Build.0 = Debug|Any CPU
		{6319E084-116C-4B79-9A2D-16306EDE8D2B}.Debug|Mixed Platforms.ActiveCfg = Debug|Any CPU
		{6319E084-116C-4B79-9A2D-16306EDE8D2B}.Debug|Mixed Platforms.Build.0 = Debug|Any CPU
		{6319E084-116C-4B79-9A2D-16306EDE8D2B}.Debug|Win32.ActiveCfg = Debug|Any CPU
		{6319E084-116C-4B79-9A2D-16306EDE8D2B}.Debug|x86.ActiveCfg = Debug|Any CPU
		{6319E084-116C-4B79-9A2D-16306EDE8D2B}.Release|Any CPU.ActiveCfg = Release|Any CPU
		{6319E084-116C-4B79-9A2D-16306EDE8D2B}.Release|Any CPU.Build.0 = Release|Any CPU
		{6319E084-116C-4B79-9A2D-16306EDE8D2B}.Release|Mixed Platforms.ActiveCfg = Release|Any CPU
		{6319E084-116C-4B79-9A2D-16306EDE8D2B}.Release|Mixed Platforms.Build.0 = Release|Any CPU
		{6319E084-116C-4B79-9A2D-16306EDE8D2B}.Release|Win32.ActiveCfg = Release|Any CPU
		{6319E084-116C-4B79-9A2D-16306EDE8D2B}.Release|x86.ActiveCfg = Release|Any CPU
		{46A0BD19-8417-4C8C-A567-FB924E7DB26E}.Debug|Any CPU.ActiveCfg = Debug|Any CPU
		{46A0BD19-8417-4C8C-A567-FB924E7DB26E}.Debug|Any CPU.Build.0 = Debug|Any CPU
		{46A0BD19-8417-4C8C-A567-FB924E7DB26E}.Debug|Mixed Platforms.ActiveCfg = Debug|Any CPU
		{46A0BD19-8417-4C8C-A567-FB924E7DB26E}.Debug|Mixed Platforms.Build.0 = Debug|Any CPU
		{46A0BD19-8417-4C8C-A567-FB924E7DB26E}.Debug|Win32.ActiveCfg = Debug|Any CPU
		{46A0BD19-8417-4C8C-A567-FB924E7DB26E}.Debug|x86.ActiveCfg = Debug|Any CPU
		{46A0BD19-8417-4C8C-A567-FB924E7DB26E}.Release|Any CPU.ActiveCfg = Release|Any CPU
		{46A0BD19-8417-4C8C-A567-FB924E7DB26E}.Release|Any CPU.Build.0 = Release|Any CPU
		{46A0BD19-8417-4C8C-A567-FB924E7DB26E}.Release|Mixed Platforms.ActiveCfg = Release|Any CPU
		{46A0BD19-8417-4C8C-A567-FB924E7DB26E}.Release|Mixed Platforms.Build.0 = Release|Any CPU
		{46A0BD19-8417-4C8C-A567-FB924E7DB26E}.Release|Win32.ActiveCfg = Release|Any CPU
		{46A0BD19-8417-4C8C-A567-FB924E7DB26E}.Release|x86.ActiveCfg = Release|Any CPU
		{C6C872AF-107B-4ABD-A44C-3482830D1C83}.Debug|Any CPU.ActiveCfg = Debug|Any CPU
		{C6C872AF-107B-4ABD-A44C-3482830D1C83}.Debug|Any CPU.Build.0 = Debug|Any CPU
		{C6C872AF-107B-4ABD-A44C-3482830D1C83}.Debug|Mixed Platforms.ActiveCfg = Debug|Any CPU
		{C6C872AF-107B-4ABD-A44C-3482830D1C83}.Debug|Mixed Platforms.Build.0 = Debug|Any CPU
		{C6C872AF-107B-4ABD-A44C-3482830D1C83}.Debug|Win32.ActiveCfg = Debug|Any CPU
		{C6C872AF-107B-4ABD-A44C-3482830D1C83}.Debug|x86.ActiveCfg = Debug|Any CPU
		{C6C872AF-107B-4ABD-A44C-3482830D1C83}.Release|Any CPU.ActiveCfg = Release|Any CPU
		{C6C872AF-107B-4ABD-A44C-3482830D1C83}.Release|Any CPU.Build.0 = Release|Any CPU
		{C6C872AF-107B-4ABD-A44C-3482830D1C83}.Release|Mixed Platforms.ActiveCfg = Release|Any CPU
		{C6C872AF-107B-4ABD-A44C-3482830D1C83}.Release|Mixed Platforms.Build.0 = Release|Any CPU
		{C6C872AF-107B-4ABD-A44C-3482830D1C83}.Release|Win32.ActiveCfg = Release|Any CPU
		{C6C872AF-107B-4ABD-A44C-3482830D1C83}.Release|x86.ActiveCfg = Release|Any CPU
		{22E5AE87-A0E3-4550-99C6-8D14FDF5FF80}.Debug|Any CPU.ActiveCfg = Debug|Any CPU
		{22E5AE87-A0E3-4550-99C6-8D14FDF5FF80}.Debug|Any CPU.Build.0 = Debug|Any CPU
		{22E5AE87-A0E3-4550-99C6-8D14FDF5FF80}.Debug|Mixed Platforms.ActiveCfg = Debug|Any CPU
		{22E5AE87-A0E3-4550-99C6-8D14FDF5FF80}.Debug|Mixed Platforms.Build.0 = Debug|Any CPU
		{22E5AE87-A0E3-4550-99C6-8D14FDF5FF80}.Debug|Win32.ActiveCfg = Debug|Any CPU
		{22E5AE87-A0E3-4550-99C6-8D14FDF5FF80}.Debug|x86.ActiveCfg = Debug|x86
		{22E5AE87-A0E3-4550-99C6-8D14FDF5FF80}.Debug|x86.Build.0 = Debug|x86
		{22E5AE87-A0E3-4550-99C6-8D14FDF5FF80}.Release|Any CPU.ActiveCfg = Release|Any CPU
		{22E5AE87-A0E3-4550-99C6-8D14FDF5FF80}.Release|Any CPU.Build.0 = Release|Any CPU
		{22E5AE87-A0E3-4550-99C6-8D14FDF5FF80}.Release|Mixed Platforms.ActiveCfg = Release|Any CPU
		{22E5AE87-A0E3-4550-99C6-8D14FDF5FF80}.Release|Mixed Platforms.Build.0 = Release|Any CPU
		{22E5AE87-A0E3-4550-99C6-8D14FDF5FF80}.Release|Win32.ActiveCfg = Release|Any CPU
		{22E5AE87-A0E3-4550-99C6-8D14FDF5FF80}.Release|x86.ActiveCfg = Release|x86
		{22E5AE87-A0E3-4550-99C6-8D14FDF5FF80}.Release|x86.Build.0 = Release|x86
		{8D172B19-9983-47EB-A29A-D2B736438FF1}.Debug|Any CPU.ActiveCfg = Debug|Any CPU
		{8D172B19-9983-47EB-A29A-D2B736438FF1}.Debug|Any CPU.Build.0 = Debug|Any CPU
		{8D172B19-9983-47EB-A29A-D2B736438FF1}.Debug|Mixed Platforms.ActiveCfg = Debug|Any CPU
		{8D172B19-9983-47EB-A29A-D2B736438FF1}.Debug|Mixed Platforms.Build.0 = Debug|Any CPU
		{8D172B19-9983-47EB-A29A-D2B736438FF1}.Debug|Win32.ActiveCfg = Debug|Any CPU
		{8D172B19-9983-47EB-A29A-D2B736438FF1}.Debug|x86.ActiveCfg = Debug|x86
		{8D172B19-9983-47EB-A29A-D2B736438FF1}.Debug|x86.Build.0 = Debug|x86
		{8D172B19-9983-47EB-A29A-D2B736438FF1}.Release|Any CPU.ActiveCfg = Release|Any CPU
		{8D172B19-9983-47EB-A29A-D2B736438FF1}.Release|Any CPU.Build.0 = Release|Any CPU
		{8D172B19-9983-47EB-A29A-D2B736438FF1}.Release|Mixed Platforms.ActiveCfg = Release|Any CPU
		{8D172B19-9983-47EB-A29A-D2B736438FF1}.Release|Mixed Platforms.Build.0 = Release|Any CPU
		{8D172B19-9983-47EB-A29A-D2B736438FF1}.Release|Win32.ActiveCfg = Release|Any CPU
		{8D172B19-9983-47EB-A29A-D2B736438FF1}.Release|x86.ActiveCfg = Release|x86
		{8D172B19-9983-47EB-A29A-D2B736438FF1}.Release|x86.Build.0 = Release|x86
		{5416E45E-BDAE-49BA-94E5-378C90C17C3D}.Debug|Any CPU.ActiveCfg = Debug|Any CPU
		{5416E45E-BDAE-49BA-94E5-378C90C17C3D}.Debug|Any CPU.Build.0 = Debug|Any CPU
		{5416E45E-BDAE-49BA-94E5-378C90C17C3D}.Debug|Mixed Platforms.ActiveCfg = Debug|Any CPU
		{5416E45E-BDAE-49BA-94E5-378C90C17C3D}.Debug|Mixed Platforms.Build.0 = Debug|Any CPU
		{5416E45E-BDAE-49BA-94E5-378C90C17C3D}.Debug|Win32.ActiveCfg = Debug|Any CPU
		{5416E45E-BDAE-49BA-94E5-378C90C17C3D}.Debug|x86.ActiveCfg = Debug|Any CPU
		{5416E45E-BDAE-49BA-94E5-378C90C17C3D}.Release|Any CPU.ActiveCfg = Release|Any CPU
		{5416E45E-BDAE-49BA-94E5-378C90C17C3D}.Release|Any CPU.Build.0 = Release|Any CPU
		{5416E45E-BDAE-49BA-94E5-378C90C17C3D}.Release|Mixed Platforms.ActiveCfg = Release|Any CPU
		{5416E45E-BDAE-49BA-94E5-378C90C17C3D}.Release|Mixed Platforms.Build.0 = Release|Any CPU
		{5416E45E-BDAE-49BA-94E5-378C90C17C3D}.Release|Win32.ActiveCfg = Release|Any CPU
		{5416E45E-BDAE-49BA-94E5-378C90C17C3D}.Release|x86.ActiveCfg = Release|Any CPU
		{AE026D4E-D3AD-486F-9C55-73481219A4A1}.Debug|Any CPU.ActiveCfg = Debug|Any CPU
		{AE026D4E-D3AD-486F-9C55-73481219A4A1}.Debug|Any CPU.Build.0 = Debug|Any CPU
		{AE026D4E-D3AD-486F-9C55-73481219A4A1}.Debug|Mixed Platforms.ActiveCfg = Debug|Any CPU
		{AE026D4E-D3AD-486F-9C55-73481219A4A1}.Debug|Mixed Platforms.Build.0 = Debug|Any CPU
		{AE026D4E-D3AD-486F-9C55-73481219A4A1}.Debug|Win32.ActiveCfg = Debug|Any CPU
		{AE026D4E-D3AD-486F-9C55-73481219A4A1}.Debug|x86.ActiveCfg = Debug|Any CPU
		{AE026D4E-D3AD-486F-9C55-73481219A4A1}.Release|Any CPU.ActiveCfg = Release|Any CPU
		{AE026D4E-D3AD-486F-9C55-73481219A4A1}.Release|Any CPU.Build.0 = Release|Any CPU
		{AE026D4E-D3AD-486F-9C55-73481219A4A1}.Release|Mixed Platforms.ActiveCfg = Release|Any CPU
		{AE026D4E-D3AD-486F-9C55-73481219A4A1}.Release|Mixed Platforms.Build.0 = Release|Any CPU
		{AE026D4E-D3AD-486F-9C55-73481219A4A1}.Release|Win32.ActiveCfg = Release|Any CPU
		{AE026D4E-D3AD-486F-9C55-73481219A4A1}.Release|x86.ActiveCfg = Release|Any CPU
		{8C667C63-C1E5-46B9-9D97-0FB84C9D8D1D}.Debug|Any CPU.ActiveCfg = Debug|Any CPU
		{8C667C63-C1E5-46B9-9D97-0FB84C9D8D1D}.Debug|Any CPU.Build.0 = Debug|Any CPU
		{8C667C63-C1E5-46B9-9D97-0FB84C9D8D1D}.Debug|Mixed Platforms.ActiveCfg = Debug|Any CPU
		{8C667C63-C1E5-46B9-9D97-0FB84C9D8D1D}.Debug|Mixed Platforms.Build.0 = Debug|Any CPU
		{8C667C63-C1E5-46B9-9D97-0FB84C9D8D1D}.Debug|Win32.ActiveCfg = Debug|Any CPU
		{8C667C63-C1E5-46B9-9D97-0FB84C9D8D1D}.Debug|x86.ActiveCfg = Debug|Any CPU
		{8C667C63-C1E5-46B9-9D97-0FB84C9D8D1D}.Release|Any CPU.ActiveCfg = Release|Any CPU
		{8C667C63-C1E5-46B9-9D97-0FB84C9D8D1D}.Release|Any CPU.Build.0 = Release|Any CPU
		{8C667C63-C1E5-46B9-9D97-0FB84C9D8D1D}.Release|Mixed Platforms.ActiveCfg = Release|Any CPU
		{8C667C63-C1E5-46B9-9D97-0FB84C9D8D1D}.Release|Mixed Platforms.Build.0 = Release|Any CPU
		{8C667C63-C1E5-46B9-9D97-0FB84C9D8D1D}.Release|Win32.ActiveCfg = Release|Any CPU
		{8C667C63-C1E5-46B9-9D97-0FB84C9D8D1D}.Release|x86.ActiveCfg = Release|Any CPU
		{BF532D34-833C-4FB3-88CA-07E58510F130}.Debug|Any CPU.ActiveCfg = Debug|Any CPU
		{BF532D34-833C-4FB3-88CA-07E58510F130}.Debug|Any CPU.Build.0 = Debug|Any CPU
		{BF532D34-833C-4FB3-88CA-07E58510F130}.Debug|Mixed Platforms.ActiveCfg = Debug|Any CPU
		{BF532D34-833C-4FB3-88CA-07E58510F130}.Debug|Mixed Platforms.Build.0 = Debug|Any CPU
		{BF532D34-833C-4FB3-88CA-07E58510F130}.Debug|Win32.ActiveCfg = Debug|Any CPU
		{BF532D34-833C-4FB3-88CA-07E58510F130}.Debug|x86.ActiveCfg = Debug|Any CPU
		{BF532D34-833C-4FB3-88CA-07E58510F130}.Release|Any CPU.ActiveCfg = Release|Any CPU
		{BF532D34-833C-4FB3-88CA-07E58510F130}.Release|Any CPU.Build.0 = Release|Any CPU
		{BF532D34-833C-4FB3-88CA-07E58510F130}.Release|Mixed Platforms.ActiveCfg = Release|Any CPU
		{BF532D34-833C-4FB3-88CA-07E58510F130}.Release|Mixed Platforms.Build.0 = Release|Any CPU
		{BF532D34-833C-4FB3-88CA-07E58510F130}.Release|Win32.ActiveCfg = Release|Any CPU
		{BF532D34-833C-4FB3-88CA-07E58510F130}.Release|x86.ActiveCfg = Release|Any CPU
		{B114FC72-2C19-4A35-ABD5-C55BA6EBA1D5}.Debug|Any CPU.ActiveCfg = Debug|Any CPU
		{B114FC72-2C19-4A35-ABD5-C55BA6EBA1D5}.Debug|Any CPU.Build.0 = Debug|Any CPU
		{B114FC72-2C19-4A35-ABD5-C55BA6EBA1D5}.Debug|Mixed Platforms.ActiveCfg = Debug|Any CPU
		{B114FC72-2C19-4A35-ABD5-C55BA6EBA1D5}.Debug|Mixed Platforms.Build.0 = Debug|Any CPU
		{B114FC72-2C19-4A35-ABD5-C55BA6EBA1D5}.Debug|Win32.ActiveCfg = Debug|Any CPU
		{B114FC72-2C19-4A35-ABD5-C55BA6EBA1D5}.Debug|x86.ActiveCfg = Debug|Any CPU
		{B114FC72-2C19-4A35-ABD5-C55BA6EBA1D5}.Release|Any CPU.ActiveCfg = Release|Any CPU
		{B114FC72-2C19-4A35-ABD5-C55BA6EBA1D5}.Release|Any CPU.Build.0 = Release|Any CPU
		{B114FC72-2C19-4A35-ABD5-C55BA6EBA1D5}.Release|Mixed Platforms.ActiveCfg = Release|Any CPU
		{B114FC72-2C19-4A35-ABD5-C55BA6EBA1D5}.Release|Mixed Platforms.Build.0 = Release|Any CPU
		{B114FC72-2C19-4A35-ABD5-C55BA6EBA1D5}.Release|Win32.ActiveCfg = Release|Any CPU
		{B114FC72-2C19-4A35-ABD5-C55BA6EBA1D5}.Release|x86.ActiveCfg = Release|Any CPU
		{1823839D-64AA-4954-83D5-F95B0EB75DE4}.Debug|Any CPU.ActiveCfg = Debug|Any CPU
		{1823839D-64AA-4954-83D5-F95B0EB75DE4}.Debug|Any CPU.Build.0 = Debug|Any CPU
		{1823839D-64AA-4954-83D5-F95B0EB75DE4}.Debug|Mixed Platforms.ActiveCfg = Debug|Any CPU
		{1823839D-64AA-4954-83D5-F95B0EB75DE4}.Debug|Mixed Platforms.Build.0 = Debug|Any CPU
		{1823839D-64AA-4954-83D5-F95B0EB75DE4}.Debug|Win32.ActiveCfg = Debug|Any CPU
		{1823839D-64AA-4954-83D5-F95B0EB75DE4}.Debug|x86.ActiveCfg = Debug|Any CPU
		{1823839D-64AA-4954-83D5-F95B0EB75DE4}.Release|Any CPU.ActiveCfg = Release|Any CPU
		{1823839D-64AA-4954-83D5-F95B0EB75DE4}.Release|Any CPU.Build.0 = Release|Any CPU
		{1823839D-64AA-4954-83D5-F95B0EB75DE4}.Release|Mixed Platforms.ActiveCfg = Release|Any CPU
		{1823839D-64AA-4954-83D5-F95B0EB75DE4}.Release|Mixed Platforms.Build.0 = Release|Any CPU
		{1823839D-64AA-4954-83D5-F95B0EB75DE4}.Release|Win32.ActiveCfg = Release|Any CPU
		{1823839D-64AA-4954-83D5-F95B0EB75DE4}.Release|x86.ActiveCfg = Release|Any CPU
		{84A5D6AC-C2E1-4263-8CAB-66084A51D02C}.Debug|Any CPU.ActiveCfg = Debug|Any CPU
		{84A5D6AC-C2E1-4263-8CAB-66084A51D02C}.Debug|Any CPU.Build.0 = Debug|Any CPU
		{84A5D6AC-C2E1-4263-8CAB-66084A51D02C}.Debug|Mixed Platforms.ActiveCfg = Debug|Any CPU
		{84A5D6AC-C2E1-4263-8CAB-66084A51D02C}.Debug|Mixed Platforms.Build.0 = Debug|Any CPU
		{84A5D6AC-C2E1-4263-8CAB-66084A51D02C}.Debug|Win32.ActiveCfg = Debug|Any CPU
		{84A5D6AC-C2E1-4263-8CAB-66084A51D02C}.Debug|x86.ActiveCfg = Debug|Any CPU
		{84A5D6AC-C2E1-4263-8CAB-66084A51D02C}.Release|Any CPU.ActiveCfg = Release|Any CPU
		{84A5D6AC-C2E1-4263-8CAB-66084A51D02C}.Release|Any CPU.Build.0 = Release|Any CPU
		{84A5D6AC-C2E1-4263-8CAB-66084A51D02C}.Release|Mixed Platforms.ActiveCfg = Release|Any CPU
		{84A5D6AC-C2E1-4263-8CAB-66084A51D02C}.Release|Mixed Platforms.Build.0 = Release|Any CPU
		{84A5D6AC-C2E1-4263-8CAB-66084A51D02C}.Release|Win32.ActiveCfg = Release|Any CPU
		{84A5D6AC-C2E1-4263-8CAB-66084A51D02C}.Release|x86.ActiveCfg = Release|Any CPU
		{759C9AB1-5113-4B0A-9D42-67D909EB4F51}.Debug|Any CPU.ActiveCfg = Debug|Any CPU
		{759C9AB1-5113-4B0A-9D42-67D909EB4F51}.Debug|Any CPU.Build.0 = Debug|Any CPU
		{759C9AB1-5113-4B0A-9D42-67D909EB4F51}.Debug|Any CPU.Deploy.0 = Debug|Any CPU
		{759C9AB1-5113-4B0A-9D42-67D909EB4F51}.Debug|Mixed Platforms.ActiveCfg = Debug|Any CPU
		{759C9AB1-5113-4B0A-9D42-67D909EB4F51}.Debug|Mixed Platforms.Build.0 = Debug|Any CPU
		{759C9AB1-5113-4B0A-9D42-67D909EB4F51}.Debug|Mixed Platforms.Deploy.0 = Debug|Any CPU
		{759C9AB1-5113-4B0A-9D42-67D909EB4F51}.Debug|Win32.ActiveCfg = Debug|Any CPU
		{759C9AB1-5113-4B0A-9D42-67D909EB4F51}.Debug|x86.ActiveCfg = Debug|Any CPU
		{759C9AB1-5113-4B0A-9D42-67D909EB4F51}.Release|Any CPU.ActiveCfg = Release|Any CPU
		{759C9AB1-5113-4B0A-9D42-67D909EB4F51}.Release|Any CPU.Build.0 = Release|Any CPU
		{759C9AB1-5113-4B0A-9D42-67D909EB4F51}.Release|Any CPU.Deploy.0 = Release|Any CPU
		{759C9AB1-5113-4B0A-9D42-67D909EB4F51}.Release|Mixed Platforms.ActiveCfg = Release|Any CPU
		{759C9AB1-5113-4B0A-9D42-67D909EB4F51}.Release|Mixed Platforms.Build.0 = Release|Any CPU
		{759C9AB1-5113-4B0A-9D42-67D909EB4F51}.Release|Mixed Platforms.Deploy.0 = Release|Any CPU
		{759C9AB1-5113-4B0A-9D42-67D909EB4F51}.Release|Win32.ActiveCfg = Release|Any CPU
		{759C9AB1-5113-4B0A-9D42-67D909EB4F51}.Release|x86.ActiveCfg = Release|Any CPU
		{2197788D-3650-4904-99A5-4389A90AF35C}.Debug|Any CPU.ActiveCfg = Debug|Any CPU
		{2197788D-3650-4904-99A5-4389A90AF35C}.Debug|Any CPU.Build.0 = Debug|Any CPU
		{2197788D-3650-4904-99A5-4389A90AF35C}.Debug|Any CPU.Deploy.0 = Debug|Any CPU
		{2197788D-3650-4904-99A5-4389A90AF35C}.Debug|Mixed Platforms.ActiveCfg = Debug|Any CPU
		{2197788D-3650-4904-99A5-4389A90AF35C}.Debug|Mixed Platforms.Build.0 = Debug|Any CPU
		{2197788D-3650-4904-99A5-4389A90AF35C}.Debug|Mixed Platforms.Deploy.0 = Debug|Any CPU
		{2197788D-3650-4904-99A5-4389A90AF35C}.Debug|Win32.ActiveCfg = Debug|Any CPU
		{2197788D-3650-4904-99A5-4389A90AF35C}.Debug|x86.ActiveCfg = Debug|Any CPU
		{2197788D-3650-4904-99A5-4389A90AF35C}.Release|Any CPU.ActiveCfg = Release|Any CPU
		{2197788D-3650-4904-99A5-4389A90AF35C}.Release|Any CPU.Build.0 = Release|Any CPU
		{2197788D-3650-4904-99A5-4389A90AF35C}.Release|Any CPU.Deploy.0 = Release|Any CPU
		{2197788D-3650-4904-99A5-4389A90AF35C}.Release|Mixed Platforms.ActiveCfg = Release|Any CPU
		{2197788D-3650-4904-99A5-4389A90AF35C}.Release|Mixed Platforms.Build.0 = Release|Any CPU
		{2197788D-3650-4904-99A5-4389A90AF35C}.Release|Mixed Platforms.Deploy.0 = Release|Any CPU
		{2197788D-3650-4904-99A5-4389A90AF35C}.Release|Win32.ActiveCfg = Release|Any CPU
		{2197788D-3650-4904-99A5-4389A90AF35C}.Release|x86.ActiveCfg = Release|Any CPU
		{D28F1E8D-C82E-40F8-9EC3-902EB96D4EBE}.Debug|Any CPU.ActiveCfg = Debug|Any CPU
		{D28F1E8D-C82E-40F8-9EC3-902EB96D4EBE}.Debug|Any CPU.Build.0 = Debug|Any CPU
		{D28F1E8D-C82E-40F8-9EC3-902EB96D4EBE}.Debug|Mixed Platforms.ActiveCfg = Debug|Any CPU
		{D28F1E8D-C82E-40F8-9EC3-902EB96D4EBE}.Debug|Mixed Platforms.Build.0 = Debug|Any CPU
		{D28F1E8D-C82E-40F8-9EC3-902EB96D4EBE}.Debug|Win32.ActiveCfg = Debug|Any CPU
		{D28F1E8D-C82E-40F8-9EC3-902EB96D4EBE}.Debug|x86.ActiveCfg = Debug|Any CPU
		{D28F1E8D-C82E-40F8-9EC3-902EB96D4EBE}.Release|Any CPU.ActiveCfg = Release|Any CPU
		{D28F1E8D-C82E-40F8-9EC3-902EB96D4EBE}.Release|Any CPU.Build.0 = Release|Any CPU
		{D28F1E8D-C82E-40F8-9EC3-902EB96D4EBE}.Release|Mixed Platforms.ActiveCfg = Release|Any CPU
		{D28F1E8D-C82E-40F8-9EC3-902EB96D4EBE}.Release|Mixed Platforms.Build.0 = Release|Any CPU
		{D28F1E8D-C82E-40F8-9EC3-902EB96D4EBE}.Release|Win32.ActiveCfg = Release|Any CPU
		{D28F1E8D-C82E-40F8-9EC3-902EB96D4EBE}.Release|x86.ActiveCfg = Release|Any CPU
		{C7EAFDE1-1E69-4804-A936-5DE9668D4737}.Debug|Any CPU.ActiveCfg = Debug|Any CPU
		{C7EAFDE1-1E69-4804-A936-5DE9668D4737}.Debug|Any CPU.Build.0 = Debug|Any CPU
		{C7EAFDE1-1E69-4804-A936-5DE9668D4737}.Debug|Mixed Platforms.ActiveCfg = Debug|Any CPU
		{C7EAFDE1-1E69-4804-A936-5DE9668D4737}.Debug|Mixed Platforms.Build.0 = Debug|Any CPU
		{C7EAFDE1-1E69-4804-A936-5DE9668D4737}.Debug|Win32.ActiveCfg = Debug|Any CPU
		{C7EAFDE1-1E69-4804-A936-5DE9668D4737}.Debug|x86.ActiveCfg = Debug|Any CPU
		{C7EAFDE1-1E69-4804-A936-5DE9668D4737}.Release|Any CPU.ActiveCfg = Release|Any CPU
		{C7EAFDE1-1E69-4804-A936-5DE9668D4737}.Release|Any CPU.Build.0 = Release|Any CPU
		{C7EAFDE1-1E69-4804-A936-5DE9668D4737}.Release|Mixed Platforms.ActiveCfg = Release|Any CPU
		{C7EAFDE1-1E69-4804-A936-5DE9668D4737}.Release|Mixed Platforms.Build.0 = Release|Any CPU
		{C7EAFDE1-1E69-4804-A936-5DE9668D4737}.Release|Win32.ActiveCfg = Release|Any CPU
		{C7EAFDE1-1E69-4804-A936-5DE9668D4737}.Release|x86.ActiveCfg = Release|Any CPU
		{9B69CC8C-22E4-4A2A-AB08-C04CE905F143}.Debug|Any CPU.ActiveCfg = Debug|Any CPU
		{9B69CC8C-22E4-4A2A-AB08-C04CE905F143}.Debug|Any CPU.Build.0 = Debug|Any CPU
		{9B69CC8C-22E4-4A2A-AB08-C04CE905F143}.Debug|Mixed Platforms.ActiveCfg = Debug|Any CPU
		{9B69CC8C-22E4-4A2A-AB08-C04CE905F143}.Debug|Mixed Platforms.Build.0 = Debug|Any CPU
		{9B69CC8C-22E4-4A2A-AB08-C04CE905F143}.Debug|Win32.ActiveCfg = Debug|Any CPU
		{9B69CC8C-22E4-4A2A-AB08-C04CE905F143}.Debug|x86.ActiveCfg = Debug|Any CPU
		{9B69CC8C-22E4-4A2A-AB08-C04CE905F143}.Release|Any CPU.ActiveCfg = Release|Any CPU
		{9B69CC8C-22E4-4A2A-AB08-C04CE905F143}.Release|Any CPU.Build.0 = Release|Any CPU
		{9B69CC8C-22E4-4A2A-AB08-C04CE905F143}.Release|Mixed Platforms.ActiveCfg = Release|Any CPU
		{9B69CC8C-22E4-4A2A-AB08-C04CE905F143}.Release|Mixed Platforms.Build.0 = Release|Any CPU
		{9B69CC8C-22E4-4A2A-AB08-C04CE905F143}.Release|Win32.ActiveCfg = Release|Any CPU
		{9B69CC8C-22E4-4A2A-AB08-C04CE905F143}.Release|x86.ActiveCfg = Release|Any CPU
		{37CBFD15-5CEA-403D-8439-9275208CDE09}.Debug|Any CPU.ActiveCfg = Debug|Any CPU
		{37CBFD15-5CEA-403D-8439-9275208CDE09}.Debug|Any CPU.Build.0 = Debug|Any CPU
		{37CBFD15-5CEA-403D-8439-9275208CDE09}.Debug|Mixed Platforms.ActiveCfg = Debug|Any CPU
		{37CBFD15-5CEA-403D-8439-9275208CDE09}.Debug|Mixed Platforms.Build.0 = Debug|Any CPU
		{37CBFD15-5CEA-403D-8439-9275208CDE09}.Debug|Win32.ActiveCfg = Debug|Any CPU
		{37CBFD15-5CEA-403D-8439-9275208CDE09}.Debug|x86.ActiveCfg = Debug|Any CPU
		{37CBFD15-5CEA-403D-8439-9275208CDE09}.Release|Any CPU.ActiveCfg = Release|Any CPU
		{37CBFD15-5CEA-403D-8439-9275208CDE09}.Release|Any CPU.Build.0 = Release|Any CPU
		{37CBFD15-5CEA-403D-8439-9275208CDE09}.Release|Mixed Platforms.ActiveCfg = Release|Any CPU
		{37CBFD15-5CEA-403D-8439-9275208CDE09}.Release|Mixed Platforms.Build.0 = Release|Any CPU
		{37CBFD15-5CEA-403D-8439-9275208CDE09}.Release|Win32.ActiveCfg = Release|Any CPU
		{37CBFD15-5CEA-403D-8439-9275208CDE09}.Release|x86.ActiveCfg = Release|Any CPU
		{E1ADABA3-1753-4DA5-B959-133AA3D92138}.Debug|Any CPU.ActiveCfg = Debug|Any CPU
		{E1ADABA3-1753-4DA5-B959-133AA3D92138}.Debug|Any CPU.Build.0 = Debug|Any CPU
		{E1ADABA3-1753-4DA5-B959-133AA3D92138}.Debug|Mixed Platforms.ActiveCfg = Debug|Any CPU
		{E1ADABA3-1753-4DA5-B959-133AA3D92138}.Debug|Mixed Platforms.Build.0 = Debug|Any CPU
		{E1ADABA3-1753-4DA5-B959-133AA3D92138}.Debug|Win32.ActiveCfg = Debug|Any CPU
		{E1ADABA3-1753-4DA5-B959-133AA3D92138}.Debug|x86.ActiveCfg = Debug|Any CPU
		{E1ADABA3-1753-4DA5-B959-133AA3D92138}.Release|Any CPU.ActiveCfg = Release|Any CPU
		{E1ADABA3-1753-4DA5-B959-133AA3D92138}.Release|Any CPU.Build.0 = Release|Any CPU
		{E1ADABA3-1753-4DA5-B959-133AA3D92138}.Release|Mixed Platforms.ActiveCfg = Release|Any CPU
		{E1ADABA3-1753-4DA5-B959-133AA3D92138}.Release|Mixed Platforms.Build.0 = Release|Any CPU
		{E1ADABA3-1753-4DA5-B959-133AA3D92138}.Release|Win32.ActiveCfg = Release|Any CPU
		{E1ADABA3-1753-4DA5-B959-133AA3D92138}.Release|x86.ActiveCfg = Release|Any CPU
		{238489E7-A61B-4606-B0BB-A2E7E5DD1B88}.Debug|Any CPU.ActiveCfg = Debug|Any CPU
		{238489E7-A61B-4606-B0BB-A2E7E5DD1B88}.Debug|Any CPU.Build.0 = Debug|Any CPU
		{238489E7-A61B-4606-B0BB-A2E7E5DD1B88}.Debug|Mixed Platforms.ActiveCfg = Debug|Any CPU
		{238489E7-A61B-4606-B0BB-A2E7E5DD1B88}.Debug|Mixed Platforms.Build.0 = Debug|Any CPU
		{238489E7-A61B-4606-B0BB-A2E7E5DD1B88}.Debug|Win32.ActiveCfg = Debug|Any CPU
		{238489E7-A61B-4606-B0BB-A2E7E5DD1B88}.Debug|x86.ActiveCfg = Debug|Any CPU
		{238489E7-A61B-4606-B0BB-A2E7E5DD1B88}.Release|Any CPU.ActiveCfg = Release|Any CPU
		{238489E7-A61B-4606-B0BB-A2E7E5DD1B88}.Release|Any CPU.Build.0 = Release|Any CPU
		{238489E7-A61B-4606-B0BB-A2E7E5DD1B88}.Release|Mixed Platforms.ActiveCfg = Release|Any CPU
		{238489E7-A61B-4606-B0BB-A2E7E5DD1B88}.Release|Mixed Platforms.Build.0 = Release|Any CPU
		{238489E7-A61B-4606-B0BB-A2E7E5DD1B88}.Release|Win32.ActiveCfg = Release|Any CPU
		{238489E7-A61B-4606-B0BB-A2E7E5DD1B88}.Release|x86.ActiveCfg = Release|Any CPU
		{74363882-6ECC-40F5-A7E7-139DD95B52D3}.Debug|Any CPU.ActiveCfg = Debug|x86
		{74363882-6ECC-40F5-A7E7-139DD95B52D3}.Debug|Any CPU.Build.0 = Debug|x86
		{74363882-6ECC-40F5-A7E7-139DD95B52D3}.Debug|Mixed Platforms.ActiveCfg = Debug|x86
		{74363882-6ECC-40F5-A7E7-139DD95B52D3}.Debug|Mixed Platforms.Build.0 = Debug|x86
		{74363882-6ECC-40F5-A7E7-139DD95B52D3}.Debug|Win32.ActiveCfg = Debug|x86
		{74363882-6ECC-40F5-A7E7-139DD95B52D3}.Debug|x86.ActiveCfg = Debug|x86
		{74363882-6ECC-40F5-A7E7-139DD95B52D3}.Debug|x86.Build.0 = Debug|x86
		{74363882-6ECC-40F5-A7E7-139DD95B52D3}.Release|Any CPU.ActiveCfg = Release|x86
		{74363882-6ECC-40F5-A7E7-139DD95B52D3}.Release|Mixed Platforms.ActiveCfg = Release|x86
		{74363882-6ECC-40F5-A7E7-139DD95B52D3}.Release|Mixed Platforms.Build.0 = Release|x86
		{74363882-6ECC-40F5-A7E7-139DD95B52D3}.Release|Win32.ActiveCfg = Release|x86
		{74363882-6ECC-40F5-A7E7-139DD95B52D3}.Release|x86.ActiveCfg = Release|x86
		{74363882-6ECC-40F5-A7E7-139DD95B52D3}.Release|x86.Build.0 = Release|x86
		{10571A55-2270-4A83-9B56-28C186BAC59D}.Debug|Any CPU.ActiveCfg = Debug|Any CPU
		{10571A55-2270-4A83-9B56-28C186BAC59D}.Debug|Any CPU.Build.0 = Debug|Any CPU
		{10571A55-2270-4A83-9B56-28C186BAC59D}.Debug|Mixed Platforms.ActiveCfg = Debug|Any CPU
		{10571A55-2270-4A83-9B56-28C186BAC59D}.Debug|Mixed Platforms.Build.0 = Debug|Any CPU
		{10571A55-2270-4A83-9B56-28C186BAC59D}.Debug|Win32.ActiveCfg = Debug|Any CPU
		{10571A55-2270-4A83-9B56-28C186BAC59D}.Debug|x86.ActiveCfg = Debug|Any CPU
		{10571A55-2270-4A83-9B56-28C186BAC59D}.Release|Any CPU.ActiveCfg = Release|Any CPU
		{10571A55-2270-4A83-9B56-28C186BAC59D}.Release|Any CPU.Build.0 = Release|Any CPU
		{10571A55-2270-4A83-9B56-28C186BAC59D}.Release|Mixed Platforms.ActiveCfg = Release|Any CPU
		{10571A55-2270-4A83-9B56-28C186BAC59D}.Release|Mixed Platforms.Build.0 = Release|Any CPU
		{10571A55-2270-4A83-9B56-28C186BAC59D}.Release|Win32.ActiveCfg = Release|Any CPU
		{10571A55-2270-4A83-9B56-28C186BAC59D}.Release|x86.ActiveCfg = Release|Any CPU
		{62467325-6D15-4161-A09D-07B7793DAB68}.Debug|Any CPU.ActiveCfg = Debug|Any CPU
		{62467325-6D15-4161-A09D-07B7793DAB68}.Debug|Any CPU.Build.0 = Debug|Any CPU
		{62467325-6D15-4161-A09D-07B7793DAB68}.Debug|Mixed Platforms.ActiveCfg = Debug|Any CPU
		{62467325-6D15-4161-A09D-07B7793DAB68}.Debug|Mixed Platforms.Build.0 = Debug|Any CPU
		{62467325-6D15-4161-A09D-07B7793DAB68}.Debug|Win32.ActiveCfg = Debug|Any CPU
		{62467325-6D15-4161-A09D-07B7793DAB68}.Debug|x86.ActiveCfg = Debug|Any CPU
		{62467325-6D15-4161-A09D-07B7793DAB68}.Release|Any CPU.ActiveCfg = Release|Any CPU
		{62467325-6D15-4161-A09D-07B7793DAB68}.Release|Any CPU.Build.0 = Release|Any CPU
		{62467325-6D15-4161-A09D-07B7793DAB68}.Release|Mixed Platforms.ActiveCfg = Release|Any CPU
		{62467325-6D15-4161-A09D-07B7793DAB68}.Release|Mixed Platforms.Build.0 = Release|Any CPU
		{62467325-6D15-4161-A09D-07B7793DAB68}.Release|Win32.ActiveCfg = Release|Any CPU
		{62467325-6D15-4161-A09D-07B7793DAB68}.Release|x86.ActiveCfg = Release|Any CPU
		{39C104F0-7D87-48CA-AAA9-2732A8A05800}.Debug|Any CPU.ActiveCfg = Debug|Any CPU
		{39C104F0-7D87-48CA-AAA9-2732A8A05800}.Debug|Any CPU.Build.0 = Debug|Any CPU
		{39C104F0-7D87-48CA-AAA9-2732A8A05800}.Debug|Mixed Platforms.ActiveCfg = Debug|Any CPU
		{39C104F0-7D87-48CA-AAA9-2732A8A05800}.Debug|Mixed Platforms.Build.0 = Debug|Any CPU
		{39C104F0-7D87-48CA-AAA9-2732A8A05800}.Debug|Win32.ActiveCfg = Debug|Any CPU
		{39C104F0-7D87-48CA-AAA9-2732A8A05800}.Debug|x86.ActiveCfg = Debug|Any CPU
		{39C104F0-7D87-48CA-AAA9-2732A8A05800}.Release|Any CPU.ActiveCfg = Release|Any CPU
		{39C104F0-7D87-48CA-AAA9-2732A8A05800}.Release|Any CPU.Build.0 = Release|Any CPU
		{39C104F0-7D87-48CA-AAA9-2732A8A05800}.Release|Mixed Platforms.ActiveCfg = Release|Any CPU
		{39C104F0-7D87-48CA-AAA9-2732A8A05800}.Release|Mixed Platforms.Build.0 = Release|Any CPU
		{39C104F0-7D87-48CA-AAA9-2732A8A05800}.Release|Win32.ActiveCfg = Release|Any CPU
		{39C104F0-7D87-48CA-AAA9-2732A8A05800}.Release|x86.ActiveCfg = Release|Any CPU
		{4D91E872-DDA4-44E2-96E7-850BB6DBADD1}.Debug|Any CPU.ActiveCfg = Debug|Any CPU
		{4D91E872-DDA4-44E2-96E7-850BB6DBADD1}.Debug|Any CPU.Build.0 = Debug|Any CPU
		{4D91E872-DDA4-44E2-96E7-850BB6DBADD1}.Debug|Mixed Platforms.ActiveCfg = Debug|Any CPU
		{4D91E872-DDA4-44E2-96E7-850BB6DBADD1}.Debug|Mixed Platforms.Build.0 = Debug|Any CPU
		{4D91E872-DDA4-44E2-96E7-850BB6DBADD1}.Debug|Win32.ActiveCfg = Debug|Any CPU
		{4D91E872-DDA4-44E2-96E7-850BB6DBADD1}.Debug|x86.ActiveCfg = Debug|Any CPU
		{4D91E872-DDA4-44E2-96E7-850BB6DBADD1}.Release|Any CPU.ActiveCfg = Release|Any CPU
		{4D91E872-DDA4-44E2-96E7-850BB6DBADD1}.Release|Any CPU.Build.0 = Release|Any CPU
		{4D91E872-DDA4-44E2-96E7-850BB6DBADD1}.Release|Mixed Platforms.ActiveCfg = Release|Any CPU
		{4D91E872-DDA4-44E2-96E7-850BB6DBADD1}.Release|Mixed Platforms.Build.0 = Release|Any CPU
		{4D91E872-DDA4-44E2-96E7-850BB6DBADD1}.Release|Win32.ActiveCfg = Release|Any CPU
		{4D91E872-DDA4-44E2-96E7-850BB6DBADD1}.Release|x86.ActiveCfg = Release|Any CPU
		{3BFC507F-0C7F-4B25-917A-AB276C0AD199}.Debug|Any CPU.ActiveCfg = Debug|Any CPU
		{3BFC507F-0C7F-4B25-917A-AB276C0AD199}.Debug|Any CPU.Build.0 = Debug|Any CPU
		{3BFC507F-0C7F-4B25-917A-AB276C0AD199}.Debug|Mixed Platforms.ActiveCfg = Debug|Any CPU
		{3BFC507F-0C7F-4B25-917A-AB276C0AD199}.Debug|Mixed Platforms.Build.0 = Debug|Any CPU
		{3BFC507F-0C7F-4B25-917A-AB276C0AD199}.Debug|Win32.ActiveCfg = Debug|Any CPU
		{3BFC507F-0C7F-4B25-917A-AB276C0AD199}.Debug|x86.ActiveCfg = Debug|Any CPU
		{3BFC507F-0C7F-4B25-917A-AB276C0AD199}.Release|Any CPU.ActiveCfg = Release|Any CPU
		{3BFC507F-0C7F-4B25-917A-AB276C0AD199}.Release|Any CPU.Build.0 = Release|Any CPU
		{3BFC507F-0C7F-4B25-917A-AB276C0AD199}.Release|Mixed Platforms.ActiveCfg = Release|Any CPU
		{3BFC507F-0C7F-4B25-917A-AB276C0AD199}.Release|Mixed Platforms.Build.0 = Release|Any CPU
		{3BFC507F-0C7F-4B25-917A-AB276C0AD199}.Release|Win32.ActiveCfg = Release|Any CPU
		{3BFC507F-0C7F-4B25-917A-AB276C0AD199}.Release|x86.ActiveCfg = Release|Any CPU
		{4EC329C1-2F29-441E-9772-07475638CBF0}.Debug|Any CPU.ActiveCfg = Debug|Any CPU
		{4EC329C1-2F29-441E-9772-07475638CBF0}.Debug|Any CPU.Build.0 = Debug|Any CPU
		{4EC329C1-2F29-441E-9772-07475638CBF0}.Debug|Mixed Platforms.ActiveCfg = Debug|Any CPU
		{4EC329C1-2F29-441E-9772-07475638CBF0}.Debug|Mixed Platforms.Build.0 = Debug|Any CPU
		{4EC329C1-2F29-441E-9772-07475638CBF0}.Debug|Win32.ActiveCfg = Debug|Any CPU
		{4EC329C1-2F29-441E-9772-07475638CBF0}.Debug|x86.ActiveCfg = Debug|Any CPU
		{4EC329C1-2F29-441E-9772-07475638CBF0}.Release|Any CPU.ActiveCfg = Release|Any CPU
		{4EC329C1-2F29-441E-9772-07475638CBF0}.Release|Any CPU.Build.0 = Release|Any CPU
		{4EC329C1-2F29-441E-9772-07475638CBF0}.Release|Mixed Platforms.ActiveCfg = Release|Any CPU
		{4EC329C1-2F29-441E-9772-07475638CBF0}.Release|Mixed Platforms.Build.0 = Release|Any CPU
		{4EC329C1-2F29-441E-9772-07475638CBF0}.Release|Win32.ActiveCfg = Release|Any CPU
		{4EC329C1-2F29-441E-9772-07475638CBF0}.Release|x86.ActiveCfg = Release|Any CPU
		{F9711866-A6C8-4874-8FCC-6400E4E863B5}.Debug|Any CPU.ActiveCfg = Debug|Any CPU
		{F9711866-A6C8-4874-8FCC-6400E4E863B5}.Debug|Any CPU.Build.0 = Debug|Any CPU
		{F9711866-A6C8-4874-8FCC-6400E4E863B5}.Debug|Mixed Platforms.ActiveCfg = Debug|Any CPU
		{F9711866-A6C8-4874-8FCC-6400E4E863B5}.Debug|Mixed Platforms.Build.0 = Debug|Any CPU
		{F9711866-A6C8-4874-8FCC-6400E4E863B5}.Debug|Win32.ActiveCfg = Debug|Any CPU
		{F9711866-A6C8-4874-8FCC-6400E4E863B5}.Debug|x86.ActiveCfg = Debug|Any CPU
		{F9711866-A6C8-4874-8FCC-6400E4E863B5}.Release|Any CPU.ActiveCfg = Release|Any CPU
		{F9711866-A6C8-4874-8FCC-6400E4E863B5}.Release|Any CPU.Build.0 = Release|Any CPU
		{F9711866-A6C8-4874-8FCC-6400E4E863B5}.Release|Mixed Platforms.ActiveCfg = Release|Any CPU
		{F9711866-A6C8-4874-8FCC-6400E4E863B5}.Release|Mixed Platforms.Build.0 = Release|Any CPU
		{F9711866-A6C8-4874-8FCC-6400E4E863B5}.Release|Win32.ActiveCfg = Release|Any CPU
		{F9711866-A6C8-4874-8FCC-6400E4E863B5}.Release|x86.ActiveCfg = Release|Any CPU
		{A60B4D64-51DC-4756-8B1A-724FAEF01788}.Debug|Any CPU.ActiveCfg = Debug|Any CPU
		{A60B4D64-51DC-4756-8B1A-724FAEF01788}.Debug|Any CPU.Build.0 = Debug|Any CPU
		{A60B4D64-51DC-4756-8B1A-724FAEF01788}.Debug|Mixed Platforms.ActiveCfg = Debug|Any CPU
		{A60B4D64-51DC-4756-8B1A-724FAEF01788}.Debug|Mixed Platforms.Build.0 = Debug|Any CPU
		{A60B4D64-51DC-4756-8B1A-724FAEF01788}.Debug|Win32.ActiveCfg = Debug|Any CPU
		{A60B4D64-51DC-4756-8B1A-724FAEF01788}.Debug|x86.ActiveCfg = Debug|Any CPU
		{A60B4D64-51DC-4756-8B1A-724FAEF01788}.Release|Any CPU.ActiveCfg = Release|Any CPU
		{A60B4D64-51DC-4756-8B1A-724FAEF01788}.Release|Any CPU.Build.0 = Release|Any CPU
		{A60B4D64-51DC-4756-8B1A-724FAEF01788}.Release|Mixed Platforms.ActiveCfg = Release|Any CPU
		{A60B4D64-51DC-4756-8B1A-724FAEF01788}.Release|Mixed Platforms.Build.0 = Release|Any CPU
		{A60B4D64-51DC-4756-8B1A-724FAEF01788}.Release|Win32.ActiveCfg = Release|Any CPU
		{A60B4D64-51DC-4756-8B1A-724FAEF01788}.Release|x86.ActiveCfg = Release|Any CPU
	EndGlobalSection
	GlobalSection(SolutionProperties) = preSolution
		HideSolutionNode = FALSE
	EndGlobalSection
	GlobalSection(NestedProjects) = preSolution
		{DFDFC6DE-8B37-4AC4-9543-669E17BAEB23} = {8B79A455-98CB-4514-ADA1-45E7FA2AA7B1}
		{9B6CCA81-9EB6-4B23-AD8F-F73D3100BCFE} = {8B79A455-98CB-4514-ADA1-45E7FA2AA7B1}
		{4CF04CA7-05E0-4ABF-9A13-84D4C0D5BC5B} = {8B79A455-98CB-4514-ADA1-45E7FA2AA7B1}
		{93CF03B5-8A1A-4E3A-B9DE-2A42BDAC6858} = {8B79A455-98CB-4514-ADA1-45E7FA2AA7B1}
		{D8B81528-3E22-4818-92DF-E4E6A17E9E8C} = {8B79A455-98CB-4514-ADA1-45E7FA2AA7B1}
		{260F1F34-B149-4821-AB50-50AD39C01CBE} = {8B79A455-98CB-4514-ADA1-45E7FA2AA7B1}
		{D73A1C90-5BA3-4BCB-8889-7B27A95DFAC0} = {8B79A455-98CB-4514-ADA1-45E7FA2AA7B1}
		{6319E084-116C-4B79-9A2D-16306EDE8D2B} = {8B79A455-98CB-4514-ADA1-45E7FA2AA7B1}
		{46A0BD19-8417-4C8C-A567-FB924E7DB26E} = {8B79A455-98CB-4514-ADA1-45E7FA2AA7B1}
		{C6C872AF-107B-4ABD-A44C-3482830D1C83} = {8B79A455-98CB-4514-ADA1-45E7FA2AA7B1}
		{5416E45E-BDAE-49BA-94E5-378C90C17C3D} = {8B79A455-98CB-4514-ADA1-45E7FA2AA7B1}
		{E1ADABA3-1753-4DA5-B959-133AA3D92138} = {8B79A455-98CB-4514-ADA1-45E7FA2AA7B1}
		{F9711866-A6C8-4874-8FCC-6400E4E863B5} = {8B79A455-98CB-4514-ADA1-45E7FA2AA7B1}
		{A60B4D64-51DC-4756-8B1A-724FAEF01788} = {8B79A455-98CB-4514-ADA1-45E7FA2AA7B1}
		{BBF5BFC4-40A7-433E-8292-E076C36D1B62} = {CB2B52FC-C318-40EE-B71E-F039902CB7A7}
		{D45546A6-E5B9-4A8A-8072-00D8590E3627} = {CB2B52FC-C318-40EE-B71E-F039902CB7A7}
		{562BD887-9C43-415C-9DEA-8DF1B86FCC08} = {CB2B52FC-C318-40EE-B71E-F039902CB7A7}
		{FD3CC2DB-A9A0-491F-95A4-71980F90D441} = {CB2B52FC-C318-40EE-B71E-F039902CB7A7}
		{AE026D4E-D3AD-486F-9C55-73481219A4A1} = {CB2B52FC-C318-40EE-B71E-F039902CB7A7}
		{BF532D34-833C-4FB3-88CA-07E58510F130} = {CB2B52FC-C318-40EE-B71E-F039902CB7A7}
		{1823839D-64AA-4954-83D5-F95B0EB75DE4} = {CB2B52FC-C318-40EE-B71E-F039902CB7A7}
		{C7EAFDE1-1E69-4804-A936-5DE9668D4737} = {CB2B52FC-C318-40EE-B71E-F039902CB7A7}
		{9B69CC8C-22E4-4A2A-AB08-C04CE905F143} = {CB2B52FC-C318-40EE-B71E-F039902CB7A7}
		{37CBFD15-5CEA-403D-8439-9275208CDE09} = {CB2B52FC-C318-40EE-B71E-F039902CB7A7}
		{238489E7-A61B-4606-B0BB-A2E7E5DD1B88} = {CB2B52FC-C318-40EE-B71E-F039902CB7A7}
		{4EC329C1-2F29-441E-9772-07475638CBF0} = {CB2B52FC-C318-40EE-B71E-F039902CB7A7}
		{22E5AE87-A0E3-4550-99C6-8D14FDF5FF80} = {30C4011D-7AFD-49E7-B278-1A086CDB8FB3}
		{8D172B19-9983-47EB-A29A-D2B736438FF1} = {30C4011D-7AFD-49E7-B278-1A086CDB8FB3}
		{149AFE30-77D6-492B-9AA8-9578ED87943D} = {DFDFC6DE-8B37-4AC4-9543-669E17BAEB23}
		{8C667C63-C1E5-46B9-9D97-0FB84C9D8D1D} = {DFDFC6DE-8B37-4AC4-9543-669E17BAEB23}
		{2197788D-3650-4904-99A5-4389A90AF35C} = {DFDFC6DE-8B37-4AC4-9543-669E17BAEB23}
		{B114FC72-2C19-4A35-ABD5-C55BA6EBA1D5} = {9B6CCA81-9EB6-4B23-AD8F-F73D3100BCFE}
		{84A5D6AC-C2E1-4263-8CAB-66084A51D02C} = {9B6CCA81-9EB6-4B23-AD8F-F73D3100BCFE}
		{759C9AB1-5113-4B0A-9D42-67D909EB4F51} = {9B6CCA81-9EB6-4B23-AD8F-F73D3100BCFE}
		{10571A55-2270-4A83-9B56-28C186BAC59D} = {2A685B58-011C-4DAA-B4A1-CC685D3CCDCC}
		{62467325-6D15-4161-A09D-07B7793DAB68} = {2A685B58-011C-4DAA-B4A1-CC685D3CCDCC}
		{39C104F0-7D87-48CA-AAA9-2732A8A05800} = {2A685B58-011C-4DAA-B4A1-CC685D3CCDCC}
		{4D91E872-DDA4-44E2-96E7-850BB6DBADD1} = {2A685B58-011C-4DAA-B4A1-CC685D3CCDCC}
		{3BFC507F-0C7F-4B25-917A-AB276C0AD199} = {2A685B58-011C-4DAA-B4A1-CC685D3CCDCC}
	EndGlobalSection
EndGlobal
